PODS:
  - CocoaLumberjack/Core (3.7.2)
  - CocoaLumberjack/Swift (3.7.2):
    - CocoaLumberjack/Core
  - InAppSettingsKit (2.15)
  - JitsiMeetSDK (3.6.0)
  - QRCodeReaderViewController (4.0.2)

DEPENDENCIES:
  - CocoaLumberjack/Swift
  - InAppSettingsKit (~> 2.15)
  - JitsiMeetSDK
  - QRCodeReaderViewController (~> 4.0.2)

SPEC REPOS:
  trunk:
    - CocoaLumberjack
    - InAppSettingsKit
    - JitsiMeetSDK
    - QRCodeReaderViewController

SPEC CHECKSUMS:
  CocoaLumberjack: b7e05132ff94f6ae4dfa9d5bce9141893a21d9da
  InAppSettingsKit: 4890a44f9df7a1742c632920f0ea939cbeb29ea2
  JitsiMeetSDK: 476329f72a866f714d2802bafe1729de6d644ccf
  QRCodeReaderViewController: e8f27d035b3e72b1d4b1c61ff66458287e3be0ff

PODFILE CHECKSUM: 803d4790e1106cbe983a20d519426ed3637db844

COCOAPODS: 1.10.1
