// !$*UTF8*$!
{
	archiveVersion = 1;
	classes = {
	};
	objectVersion = 46;
	objects = {

/* Begin PBXBuildFile section */
		0E1B540B1C62D08000CE0319 /* aes.h in Headers */ = {isa = PBXBuildFile; fileRef = 0E1B53821C62D08000CE0319 /* aes.h */; };
		0E1B540C1C62D08000CE0319 /* aesni.h in Headers */ = {isa = PBXBuildFile; fileRef = 0E1B53831C62D08000CE0319 /* aesni.h */; };
		0E1B540D1C62D08000CE0319 /* arc4.h in Headers */ = {isa = PBXBuildFile; fileRef = 0E1B53841C62D08000CE0319 /* arc4.h */; };
		0E1B540E1C62D08000CE0319 /* asn1.h in Headers */ = {isa = PBXBuildFile; fileRef = 0E1B53851C62D08000CE0319 /* asn1.h */; };
		0E1B540F1C62D08000CE0319 /* asn1write.h in Headers */ = {isa = PBXBuildFile; fileRef = 0E1B53861C62D08000CE0319 /* asn1write.h */; };
		0E1B54101C62D08000CE0319 /* base64.h in Headers */ = {isa = PBXBuildFile; fileRef = 0E1B53871C62D08000CE0319 /* base64.h */; };
		0E1B54111C62D08000CE0319 /* bignum.h in Headers */ = {isa = PBXBuildFile; fileRef = 0E1B53881C62D08000CE0319 /* bignum.h */; };
		0E1B54121C62D08000CE0319 /* blowfish.h in Headers */ = {isa = PBXBuildFile; fileRef = 0E1B53891C62D08000CE0319 /* blowfish.h */; };
		0E1B54131C62D08000CE0319 /* bn_mul.h in Headers */ = {isa = PBXBuildFile; fileRef = 0E1B538A1C62D08000CE0319 /* bn_mul.h */; };
		0E1B54141C62D08000CE0319 /* camellia.h in Headers */ = {isa = PBXBuildFile; fileRef = 0E1B538B1C62D08000CE0319 /* camellia.h */; };
		0E1B54151C62D08000CE0319 /* ccm.h in Headers */ = {isa = PBXBuildFile; fileRef = 0E1B538C1C62D08000CE0319 /* ccm.h */; };
		0E1B54161C62D08000CE0319 /* certs.h in Headers */ = {isa = PBXBuildFile; fileRef = 0E1B538D1C62D08000CE0319 /* certs.h */; };
		0E1B54171C62D08000CE0319 /* check_config.h in Headers */ = {isa = PBXBuildFile; fileRef = 0E1B538E1C62D08000CE0319 /* check_config.h */; };
		0E1B54181C62D08000CE0319 /* cipher.h in Headers */ = {isa = PBXBuildFile; fileRef = 0E1B538F1C62D08000CE0319 /* cipher.h */; };
		0E1B54191C62D08000CE0319 /* cipher_internal.h in Headers */ = {isa = PBXBuildFile; fileRef = 0E1B53901C62D08000CE0319 /* cipher_internal.h */; };
		0E1B541A1C62D08000CE0319 /* compat-1.3.h in Headers */ = {isa = PBXBuildFile; fileRef = 0E1B53911C62D08000CE0319 /* compat-1.3.h */; };
		0E1B541B1C62D08000CE0319 /* config.h in Headers */ = {isa = PBXBuildFile; fileRef = 0E1B53921C62D08000CE0319 /* config.h */; };
		0E1B541C1C62D08000CE0319 /* ctr_drbg.h in Headers */ = {isa = PBXBuildFile; fileRef = 0E1B53931C62D08000CE0319 /* ctr_drbg.h */; };
		0E1B541D1C62D08000CE0319 /* debug.h in Headers */ = {isa = PBXBuildFile; fileRef = 0E1B53941C62D08000CE0319 /* debug.h */; };
		0E1B541E1C62D08000CE0319 /* des.h in Headers */ = {isa = PBXBuildFile; fileRef = 0E1B53951C62D08000CE0319 /* des.h */; };
		0E1B541F1C62D08000CE0319 /* dhm.h in Headers */ = {isa = PBXBuildFile; fileRef = 0E1B53961C62D08000CE0319 /* dhm.h */; };
		0E1B54201C62D08000CE0319 /* ecdh.h in Headers */ = {isa = PBXBuildFile; fileRef = 0E1B53971C62D08000CE0319 /* ecdh.h */; };
		0E1B54211C62D08000CE0319 /* ecdsa.h in Headers */ = {isa = PBXBuildFile; fileRef = 0E1B53981C62D08000CE0319 /* ecdsa.h */; };
		0E1B54221C62D08000CE0319 /* ecjpake.h in Headers */ = {isa = PBXBuildFile; fileRef = 0E1B53991C62D08000CE0319 /* ecjpake.h */; };
		0E1B54231C62D08000CE0319 /* ecp.h in Headers */ = {isa = PBXBuildFile; fileRef = 0E1B539A1C62D08000CE0319 /* ecp.h */; };
		0E1B54241C62D08000CE0319 /* entropy.h in Headers */ = {isa = PBXBuildFile; fileRef = 0E1B539B1C62D08000CE0319 /* entropy.h */; };
		0E1B54251C62D08000CE0319 /* entropy_poll.h in Headers */ = {isa = PBXBuildFile; fileRef = 0E1B539C1C62D08000CE0319 /* entropy_poll.h */; };
		0E1B54261C62D08000CE0319 /* error.h in Headers */ = {isa = PBXBuildFile; fileRef = 0E1B539D1C62D08000CE0319 /* error.h */; };
		0E1B54271C62D08000CE0319 /* gcm.h in Headers */ = {isa = PBXBuildFile; fileRef = 0E1B539E1C62D08000CE0319 /* gcm.h */; };
		0E1B54281C62D08000CE0319 /* havege.h in Headers */ = {isa = PBXBuildFile; fileRef = 0E1B539F1C62D08000CE0319 /* havege.h */; };
		0E1B54291C62D08000CE0319 /* hmac_drbg.h in Headers */ = {isa = PBXBuildFile; fileRef = 0E1B53A01C62D08000CE0319 /* hmac_drbg.h */; };
		0E1B542A1C62D08000CE0319 /* md.h in Headers */ = {isa = PBXBuildFile; fileRef = 0E1B53A11C62D08000CE0319 /* md.h */; };
		0E1B542B1C62D08000CE0319 /* md2.h in Headers */ = {isa = PBXBuildFile; fileRef = 0E1B53A21C62D08000CE0319 /* md2.h */; };
		0E1B542C1C62D08000CE0319 /* md4.h in Headers */ = {isa = PBXBuildFile; fileRef = 0E1B53A31C62D08000CE0319 /* md4.h */; };
		0E1B542D1C62D08000CE0319 /* md5.h in Headers */ = {isa = PBXBuildFile; fileRef = 0E1B53A41C62D08000CE0319 /* md5.h */; };
		0E1B542E1C62D08000CE0319 /* md_internal.h in Headers */ = {isa = PBXBuildFile; fileRef = 0E1B53A51C62D08000CE0319 /* md_internal.h */; };
		0E1B542F1C62D08000CE0319 /* memory_buffer_alloc.h in Headers */ = {isa = PBXBuildFile; fileRef = 0E1B53A61C62D08000CE0319 /* memory_buffer_alloc.h */; };
		0E1B54301C62D08000CE0319 /* net.h in Headers */ = {isa = PBXBuildFile; fileRef = 0E1B53A71C62D08000CE0319 /* net.h */; };
		0E1B54311C62D08000CE0319 /* oid.h in Headers */ = {isa = PBXBuildFile; fileRef = 0E1B53A81C62D08000CE0319 /* oid.h */; };
		0E1B54321C62D08000CE0319 /* padlock.h in Headers */ = {isa = PBXBuildFile; fileRef = 0E1B53A91C62D08000CE0319 /* padlock.h */; };
		0E1B54331C62D08000CE0319 /* pem.h in Headers */ = {isa = PBXBuildFile; fileRef = 0E1B53AA1C62D08000CE0319 /* pem.h */; };
		0E1B54341C62D08000CE0319 /* pk.h in Headers */ = {isa = PBXBuildFile; fileRef = 0E1B53AB1C62D08000CE0319 /* pk.h */; };
		0E1B54351C62D08000CE0319 /* pk_internal.h in Headers */ = {isa = PBXBuildFile; fileRef = 0E1B53AC1C62D08000CE0319 /* pk_internal.h */; };
		0E1B54361C62D08000CE0319 /* pkcs11.h in Headers */ = {isa = PBXBuildFile; fileRef = 0E1B53AD1C62D08000CE0319 /* pkcs11.h */; };
		0E1B54371C62D08000CE0319 /* pkcs12.h in Headers */ = {isa = PBXBuildFile; fileRef = 0E1B53AE1C62D08000CE0319 /* pkcs12.h */; };
		0E1B54381C62D08000CE0319 /* pkcs5.h in Headers */ = {isa = PBXBuildFile; fileRef = 0E1B53AF1C62D08000CE0319 /* pkcs5.h */; };
		0E1B54391C62D08000CE0319 /* platform.h in Headers */ = {isa = PBXBuildFile; fileRef = 0E1B53B01C62D08000CE0319 /* platform.h */; };
		0E1B543A1C62D08000CE0319 /* ripemd160.h in Headers */ = {isa = PBXBuildFile; fileRef = 0E1B53B11C62D08000CE0319 /* ripemd160.h */; };
		0E1B543B1C62D08000CE0319 /* rsa.h in Headers */ = {isa = PBXBuildFile; fileRef = 0E1B53B21C62D08000CE0319 /* rsa.h */; };
		0E1B543C1C62D08000CE0319 /* sha1.h in Headers */ = {isa = PBXBuildFile; fileRef = 0E1B53B31C62D08000CE0319 /* sha1.h */; };
		0E1B543D1C62D08000CE0319 /* sha256.h in Headers */ = {isa = PBXBuildFile; fileRef = 0E1B53B41C62D08000CE0319 /* sha256.h */; };
		0E1B543E1C62D08000CE0319 /* sha512.h in Headers */ = {isa = PBXBuildFile; fileRef = 0E1B53B51C62D08000CE0319 /* sha512.h */; };
		0E1B543F1C62D08000CE0319 /* ssl.h in Headers */ = {isa = PBXBuildFile; fileRef = 0E1B53B61C62D08000CE0319 /* ssl.h */; };
		0E1B54401C62D08000CE0319 /* ssl_cache.h in Headers */ = {isa = PBXBuildFile; fileRef = 0E1B53B71C62D08000CE0319 /* ssl_cache.h */; };
		0E1B54411C62D08000CE0319 /* ssl_ciphersuites.h in Headers */ = {isa = PBXBuildFile; fileRef = 0E1B53B81C62D08000CE0319 /* ssl_ciphersuites.h */; };
		0E1B54421C62D08000CE0319 /* ssl_cookie.h in Headers */ = {isa = PBXBuildFile; fileRef = 0E1B53B91C62D08000CE0319 /* ssl_cookie.h */; };
		0E1B54431C62D08000CE0319 /* ssl_internal.h in Headers */ = {isa = PBXBuildFile; fileRef = 0E1B53BA1C62D08000CE0319 /* ssl_internal.h */; };
		0E1B54441C62D08000CE0319 /* ssl_ticket.h in Headers */ = {isa = PBXBuildFile; fileRef = 0E1B53BB1C62D08000CE0319 /* ssl_ticket.h */; };
		0E1B54451C62D08000CE0319 /* threading.h in Headers */ = {isa = PBXBuildFile; fileRef = 0E1B53BC1C62D08000CE0319 /* threading.h */; };
		0E1B54461C62D08000CE0319 /* timing.h in Headers */ = {isa = PBXBuildFile; fileRef = 0E1B53BD1C62D08000CE0319 /* timing.h */; };
		0E1B54471C62D08000CE0319 /* version.h in Headers */ = {isa = PBXBuildFile; fileRef = 0E1B53BE1C62D08000CE0319 /* version.h */; };
		0E1B54481C62D08000CE0319 /* x509.h in Headers */ = {isa = PBXBuildFile; fileRef = 0E1B53BF1C62D08000CE0319 /* x509.h */; };
		0E1B54491C62D08000CE0319 /* x509_crl.h in Headers */ = {isa = PBXBuildFile; fileRef = 0E1B53C01C62D08000CE0319 /* x509_crl.h */; };
		0E1B544A1C62D08000CE0319 /* x509_crt.h in Headers */ = {isa = PBXBuildFile; fileRef = 0E1B53C11C62D08000CE0319 /* x509_crt.h */; };
		0E1B544B1C62D08000CE0319 /* x509_csr.h in Headers */ = {isa = PBXBuildFile; fileRef = 0E1B53C21C62D08000CE0319 /* x509_csr.h */; };
		0E1B544C1C62D08000CE0319 /* xtea.h in Headers */ = {isa = PBXBuildFile; fileRef = 0E1B53C31C62D08000CE0319 /* xtea.h */; };
		0E1B544D1C62D08000CE0319 /* aes.c in Sources */ = {isa = PBXBuildFile; fileRef = 0E1B53C51C62D08000CE0319 /* aes.c */; };
		0E1B544E1C62D08000CE0319 /* aesni.c in Sources */ = {isa = PBXBuildFile; fileRef = 0E1B53C61C62D08000CE0319 /* aesni.c */; };
		0E1B544F1C62D08000CE0319 /* arc4.c in Sources */ = {isa = PBXBuildFile; fileRef = 0E1B53C71C62D08000CE0319 /* arc4.c */; };
		0E1B54501C62D08000CE0319 /* asn1parse.c in Sources */ = {isa = PBXBuildFile; fileRef = 0E1B53C81C62D08000CE0319 /* asn1parse.c */; };
		0E1B54511C62D08000CE0319 /* asn1write.c in Sources */ = {isa = PBXBuildFile; fileRef = 0E1B53C91C62D08000CE0319 /* asn1write.c */; };
		0E1B54521C62D08000CE0319 /* base64.c in Sources */ = {isa = PBXBuildFile; fileRef = 0E1B53CA1C62D08000CE0319 /* base64.c */; };
		0E1B54531C62D08000CE0319 /* bignum.c in Sources */ = {isa = PBXBuildFile; fileRef = 0E1B53CB1C62D08000CE0319 /* bignum.c */; };
		0E1B54541C62D08000CE0319 /* blowfish.c in Sources */ = {isa = PBXBuildFile; fileRef = 0E1B53CC1C62D08000CE0319 /* blowfish.c */; };
		0E1B54551C62D08000CE0319 /* camellia.c in Sources */ = {isa = PBXBuildFile; fileRef = 0E1B53CD1C62D08000CE0319 /* camellia.c */; };
		0E1B54561C62D08000CE0319 /* ccm.c in Sources */ = {isa = PBXBuildFile; fileRef = 0E1B53CE1C62D08000CE0319 /* ccm.c */; };
		0E1B54571C62D08000CE0319 /* certs.c in Sources */ = {isa = PBXBuildFile; fileRef = 0E1B53CF1C62D08000CE0319 /* certs.c */; };
		0E1B54581C62D08000CE0319 /* cipher.c in Sources */ = {isa = PBXBuildFile; fileRef = 0E1B53D01C62D08000CE0319 /* cipher.c */; };
		0E1B54591C62D08000CE0319 /* cipher_wrap.c in Sources */ = {isa = PBXBuildFile; fileRef = 0E1B53D11C62D08000CE0319 /* cipher_wrap.c */; };
		0E1B545A1C62D08000CE0319 /* ctr_drbg.c in Sources */ = {isa = PBXBuildFile; fileRef = 0E1B53D21C62D08000CE0319 /* ctr_drbg.c */; };
		0E1B545B1C62D08000CE0319 /* debug.c in Sources */ = {isa = PBXBuildFile; fileRef = 0E1B53D31C62D08000CE0319 /* debug.c */; };
		0E1B545C1C62D08000CE0319 /* des.c in Sources */ = {isa = PBXBuildFile; fileRef = 0E1B53D41C62D08000CE0319 /* des.c */; };
		0E1B545D1C62D08000CE0319 /* dhm.c in Sources */ = {isa = PBXBuildFile; fileRef = 0E1B53D51C62D08000CE0319 /* dhm.c */; };
		0E1B545E1C62D08000CE0319 /* ecdh.c in Sources */ = {isa = PBXBuildFile; fileRef = 0E1B53D61C62D08000CE0319 /* ecdh.c */; };
		0E1B545F1C62D08000CE0319 /* ecdsa.c in Sources */ = {isa = PBXBuildFile; fileRef = 0E1B53D71C62D08000CE0319 /* ecdsa.c */; };
		0E1B54601C62D08000CE0319 /* ecjpake.c in Sources */ = {isa = PBXBuildFile; fileRef = 0E1B53D81C62D08000CE0319 /* ecjpake.c */; };
		0E1B54611C62D08000CE0319 /* ecp.c in Sources */ = {isa = PBXBuildFile; fileRef = 0E1B53D91C62D08000CE0319 /* ecp.c */; };
		0E1B54621C62D08000CE0319 /* ecp_curves.c in Sources */ = {isa = PBXBuildFile; fileRef = 0E1B53DA1C62D08000CE0319 /* ecp_curves.c */; };
		0E1B54631C62D08000CE0319 /* entropy.c in Sources */ = {isa = PBXBuildFile; fileRef = 0E1B53DB1C62D08000CE0319 /* entropy.c */; };
		0E1B54641C62D08000CE0319 /* entropy_poll.c in Sources */ = {isa = PBXBuildFile; fileRef = 0E1B53DC1C62D08000CE0319 /* entropy_poll.c */; };
		0E1B54651C62D08000CE0319 /* error.c in Sources */ = {isa = PBXBuildFile; fileRef = 0E1B53DD1C62D08000CE0319 /* error.c */; };
		0E1B54661C62D08000CE0319 /* gcm.c in Sources */ = {isa = PBXBuildFile; fileRef = 0E1B53DE1C62D08000CE0319 /* gcm.c */; };
		0E1B54671C62D08000CE0319 /* havege.c in Sources */ = {isa = PBXBuildFile; fileRef = 0E1B53DF1C62D08000CE0319 /* havege.c */; };
		0E1B54681C62D08000CE0319 /* hmac_drbg.c in Sources */ = {isa = PBXBuildFile; fileRef = 0E1B53E01C62D08000CE0319 /* hmac_drbg.c */; };
		0E1B54691C62D08000CE0319 /* md.c in Sources */ = {isa = PBXBuildFile; fileRef = 0E1B53E11C62D08000CE0319 /* md.c */; };
		0E1B546A1C62D08000CE0319 /* md2.c in Sources */ = {isa = PBXBuildFile; fileRef = 0E1B53E21C62D08000CE0319 /* md2.c */; };
		0E1B546B1C62D08000CE0319 /* md4.c in Sources */ = {isa = PBXBuildFile; fileRef = 0E1B53E31C62D08000CE0319 /* md4.c */; };
		0E1B546C1C62D08000CE0319 /* md5.c in Sources */ = {isa = PBXBuildFile; fileRef = 0E1B53E41C62D08000CE0319 /* md5.c */; };
		0E1B546D1C62D08000CE0319 /* md_wrap.c in Sources */ = {isa = PBXBuildFile; fileRef = 0E1B53E51C62D08000CE0319 /* md_wrap.c */; };
		0E1B546E1C62D08000CE0319 /* memory_buffer_alloc.c in Sources */ = {isa = PBXBuildFile; fileRef = 0E1B53E61C62D08000CE0319 /* memory_buffer_alloc.c */; };
		0E1B546F1C62D08000CE0319 /* net.c in Sources */ = {isa = PBXBuildFile; fileRef = 0E1B53E71C62D08000CE0319 /* net.c */; };
		0E1B54701C62D08000CE0319 /* oid.c in Sources */ = {isa = PBXBuildFile; fileRef = 0E1B53E81C62D08000CE0319 /* oid.c */; };
		0E1B54711C62D08000CE0319 /* padlock.c in Sources */ = {isa = PBXBuildFile; fileRef = 0E1B53E91C62D08000CE0319 /* padlock.c */; };
		0E1B54721C62D08000CE0319 /* pem.c in Sources */ = {isa = PBXBuildFile; fileRef = 0E1B53EA1C62D08000CE0319 /* pem.c */; };
		0E1B54731C62D08000CE0319 /* pk.c in Sources */ = {isa = PBXBuildFile; fileRef = 0E1B53EB1C62D08000CE0319 /* pk.c */; };
		0E1B54741C62D08000CE0319 /* pk_wrap.c in Sources */ = {isa = PBXBuildFile; fileRef = 0E1B53EC1C62D08000CE0319 /* pk_wrap.c */; };
		0E1B54751C62D08000CE0319 /* pkcs11.c in Sources */ = {isa = PBXBuildFile; fileRef = 0E1B53ED1C62D08000CE0319 /* pkcs11.c */; };
		0E1B54761C62D08000CE0319 /* pkcs12.c in Sources */ = {isa = PBXBuildFile; fileRef = 0E1B53EE1C62D08000CE0319 /* pkcs12.c */; };
		0E1B54771C62D08000CE0319 /* pkcs5.c in Sources */ = {isa = PBXBuildFile; fileRef = 0E1B53EF1C62D08000CE0319 /* pkcs5.c */; };
		0E1B54781C62D08000CE0319 /* pkparse.c in Sources */ = {isa = PBXBuildFile; fileRef = 0E1B53F01C62D08000CE0319 /* pkparse.c */; };
		0E1B54791C62D08000CE0319 /* pkwrite.c in Sources */ = {isa = PBXBuildFile; fileRef = 0E1B53F11C62D08000CE0319 /* pkwrite.c */; };
		0E1B547A1C62D08000CE0319 /* platform.c in Sources */ = {isa = PBXBuildFile; fileRef = 0E1B53F21C62D08000CE0319 /* platform.c */; };
		0E1B547B1C62D08000CE0319 /* ripemd160.c in Sources */ = {isa = PBXBuildFile; fileRef = 0E1B53F31C62D08000CE0319 /* ripemd160.c */; };
		0E1B547C1C62D08000CE0319 /* rsa.c in Sources */ = {isa = PBXBuildFile; fileRef = 0E1B53F41C62D08000CE0319 /* rsa.c */; };
		0E1B547D1C62D08000CE0319 /* sha1.c in Sources */ = {isa = PBXBuildFile; fileRef = 0E1B53F51C62D08000CE0319 /* sha1.c */; };
		0E1B547E1C62D08000CE0319 /* sha256.c in Sources */ = {isa = PBXBuildFile; fileRef = 0E1B53F61C62D08000CE0319 /* sha256.c */; };
		0E1B547F1C62D08000CE0319 /* sha512.c in Sources */ = {isa = PBXBuildFile; fileRef = 0E1B53F71C62D08000CE0319 /* sha512.c */; };
		0E1B54801C62D08000CE0319 /* ssl_cache.c in Sources */ = {isa = PBXBuildFile; fileRef = 0E1B53F81C62D08000CE0319 /* ssl_cache.c */; };
		0E1B54811C62D08000CE0319 /* ssl_ciphersuites.c in Sources */ = {isa = PBXBuildFile; fileRef = 0E1B53F91C62D08000CE0319 /* ssl_ciphersuites.c */; };
		0E1B54821C62D08000CE0319 /* ssl_cli.c in Sources */ = {isa = PBXBuildFile; fileRef = 0E1B53FA1C62D08000CE0319 /* ssl_cli.c */; };
		0E1B54831C62D08000CE0319 /* ssl_cookie.c in Sources */ = {isa = PBXBuildFile; fileRef = 0E1B53FB1C62D08000CE0319 /* ssl_cookie.c */; };
		0E1B54841C62D08000CE0319 /* ssl_srv.c in Sources */ = {isa = PBXBuildFile; fileRef = 0E1B53FC1C62D08000CE0319 /* ssl_srv.c */; };
		0E1B54851C62D08000CE0319 /* ssl_ticket.c in Sources */ = {isa = PBXBuildFile; fileRef = 0E1B53FD1C62D08000CE0319 /* ssl_ticket.c */; };
		0E1B54861C62D08000CE0319 /* ssl_tls.c in Sources */ = {isa = PBXBuildFile; fileRef = 0E1B53FE1C62D08000CE0319 /* ssl_tls.c */; };
		0E1B54871C62D08000CE0319 /* threading.c in Sources */ = {isa = PBXBuildFile; fileRef = 0E1B53FF1C62D08000CE0319 /* threading.c */; };
		0E1B54881C62D08000CE0319 /* timing.c in Sources */ = {isa = PBXBuildFile; fileRef = 0E1B54001C62D08000CE0319 /* timing.c */; };
		0E1B54891C62D08000CE0319 /* version.c in Sources */ = {isa = PBXBuildFile; fileRef = 0E1B54011C62D08000CE0319 /* version.c */; };
		0E1B548A1C62D08000CE0319 /* version_features.c in Sources */ = {isa = PBXBuildFile; fileRef = 0E1B54021C62D08000CE0319 /* version_features.c */; };
		0E1B548B1C62D08000CE0319 /* x509.c in Sources */ = {isa = PBXBuildFile; fileRef = 0E1B54031C62D08000CE0319 /* x509.c */; };
		0E1B548C1C62D08000CE0319 /* x509_create.c in Sources */ = {isa = PBXBuildFile; fileRef = 0E1B54041C62D08000CE0319 /* x509_create.c */; };
		0E1B548D1C62D08000CE0319 /* x509_crl.c in Sources */ = {isa = PBXBuildFile; fileRef = 0E1B54051C62D08000CE0319 /* x509_crl.c */; };
		0E1B548E1C62D08000CE0319 /* x509_crt.c in Sources */ = {isa = PBXBuildFile; fileRef = 0E1B54061C62D08000CE0319 /* x509_crt.c */; };
		0E1B548F1C62D08000CE0319 /* x509_csr.c in Sources */ = {isa = PBXBuildFile; fileRef = 0E1B54071C62D08000CE0319 /* x509_csr.c */; };
		0E1B54901C62D08000CE0319 /* x509write_crt.c in Sources */ = {isa = PBXBuildFile; fileRef = 0E1B54081C62D08000CE0319 /* x509write_crt.c */; };
		0E1B54911C62D08000CE0319 /* x509write_csr.c in Sources */ = {isa = PBXBuildFile; fileRef = 0E1B54091C62D08000CE0319 /* x509write_csr.c */; };
		0E1B54921C62D08000CE0319 /* xtea.c in Sources */ = {isa = PBXBuildFile; fileRef = 0E1B540A1C62D08000CE0319 /* xtea.c */; };
/* End PBXBuildFile section */

/* Begin PBXFileReference section */
		0E1B53791C62D05300CE0319 /* libmbedtls.a */ = {isa = PBXFileReference; explicitFileType = archive.ar; includeInIndex = 0; path = libmbedtls.a; sourceTree = BUILT_PRODUCTS_DIR; };
		0E1B53821C62D08000CE0319 /* aes.h */ = {isa = PBXFileReference; fileEncoding = 4; lastKnownFileType = sourcecode.c.h; path = aes.h; sourceTree = "<group>"; };
		0E1B53831C62D08000CE0319 /* aesni.h */ = {isa = PBXFileReference; fileEncoding = 4; lastKnownFileType = sourcecode.c.h; path = aesni.h; sourceTree = "<group>"; };
		0E1B53841C62D08000CE0319 /* arc4.h */ = {isa = PBXFileReference; fileEncoding = 4; lastKnownFileType = sourcecode.c.h; path = arc4.h; sourceTree = "<group>"; };
		0E1B53851C62D08000CE0319 /* asn1.h */ = {isa = PBXFileReference; fileEncoding = 4; lastKnownFileType = sourcecode.c.h; path = asn1.h; sourceTree = "<group>"; };
		0E1B53861C62D08000CE0319 /* asn1write.h */ = {isa = PBXFileReference; fileEncoding = 4; lastKnownFileType = sourcecode.c.h; path = asn1write.h; sourceTree = "<group>"; };
		0E1B53871C62D08000CE0319 /* base64.h */ = {isa = PBXFileReference; fileEncoding = 4; lastKnownFileType = sourcecode.c.h; path = base64.h; sourceTree = "<group>"; };
		0E1B53881C62D08000CE0319 /* bignum.h */ = {isa = PBXFileReference; fileEncoding = 4; lastKnownFileType = sourcecode.c.h; path = bignum.h; sourceTree = "<group>"; };
		0E1B53891C62D08000CE0319 /* blowfish.h */ = {isa = PBXFileReference; fileEncoding = 4; lastKnownFileType = sourcecode.c.h; path = blowfish.h; sourceTree = "<group>"; };
		0E1B538A1C62D08000CE0319 /* bn_mul.h */ = {isa = PBXFileReference; fileEncoding = 4; lastKnownFileType = sourcecode.c.h; path = bn_mul.h; sourceTree = "<group>"; };
		0E1B538B1C62D08000CE0319 /* camellia.h */ = {isa = PBXFileReference; fileEncoding = 4; lastKnownFileType = sourcecode.c.h; path = camellia.h; sourceTree = "<group>"; };
		0E1B538C1C62D08000CE0319 /* ccm.h */ = {isa = PBXFileReference; fileEncoding = 4; lastKnownFileType = sourcecode.c.h; path = ccm.h; sourceTree = "<group>"; };
		0E1B538D1C62D08000CE0319 /* certs.h */ = {isa = PBXFileReference; fileEncoding = 4; lastKnownFileType = sourcecode.c.h; path = certs.h; sourceTree = "<group>"; };
		0E1B538E1C62D08000CE0319 /* check_config.h */ = {isa = PBXFileReference; fileEncoding = 4; lastKnownFileType = sourcecode.c.h; path = check_config.h; sourceTree = "<group>"; };
		0E1B538F1C62D08000CE0319 /* cipher.h */ = {isa = PBXFileReference; fileEncoding = 4; lastKnownFileType = sourcecode.c.h; path = cipher.h; sourceTree = "<group>"; };
		0E1B53901C62D08000CE0319 /* cipher_internal.h */ = {isa = PBXFileReference; fileEncoding = 4; lastKnownFileType = sourcecode.c.h; path = cipher_internal.h; sourceTree = "<group>"; };
		0E1B53911C62D08000CE0319 /* compat-1.3.h */ = {isa = PBXFileReference; fileEncoding = 4; lastKnownFileType = sourcecode.c.h; path = "compat-1.3.h"; sourceTree = "<group>"; };
		0E1B53921C62D08000CE0319 /* config.h */ = {isa = PBXFileReference; fileEncoding = 4; lastKnownFileType = sourcecode.c.h; path = config.h; sourceTree = "<group>"; };
		0E1B53931C62D08000CE0319 /* ctr_drbg.h */ = {isa = PBXFileReference; fileEncoding = 4; lastKnownFileType = sourcecode.c.h; path = ctr_drbg.h; sourceTree = "<group>"; };
		0E1B53941C62D08000CE0319 /* debug.h */ = {isa = PBXFileReference; fileEncoding = 4; lastKnownFileType = sourcecode.c.h; path = debug.h; sourceTree = "<group>"; };
		0E1B53951C62D08000CE0319 /* des.h */ = {isa = PBXFileReference; fileEncoding = 4; lastKnownFileType = sourcecode.c.h; path = des.h; sourceTree = "<group>"; };
		0E1B53961C62D08000CE0319 /* dhm.h */ = {isa = PBXFileReference; fileEncoding = 4; lastKnownFileType = sourcecode.c.h; path = dhm.h; sourceTree = "<group>"; };
		0E1B53971C62D08000CE0319 /* ecdh.h */ = {isa = PBXFileReference; fileEncoding = 4; lastKnownFileType = sourcecode.c.h; path = ecdh.h; sourceTree = "<group>"; };
		0E1B53981C62D08000CE0319 /* ecdsa.h */ = {isa = PBXFileReference; fileEncoding = 4; lastKnownFileType = sourcecode.c.h; path = ecdsa.h; sourceTree = "<group>"; };
		0E1B53991C62D08000CE0319 /* ecjpake.h */ = {isa = PBXFileReference; fileEncoding = 4; lastKnownFileType = sourcecode.c.h; path = ecjpake.h; sourceTree = "<group>"; };
		0E1B539A1C62D08000CE0319 /* ecp.h */ = {isa = PBXFileReference; fileEncoding = 4; lastKnownFileType = sourcecode.c.h; path = ecp.h; sourceTree = "<group>"; };
		0E1B539B1C62D08000CE0319 /* entropy.h */ = {isa = PBXFileReference; fileEncoding = 4; lastKnownFileType = sourcecode.c.h; path = entropy.h; sourceTree = "<group>"; };
		0E1B539C1C62D08000CE0319 /* entropy_poll.h */ = {isa = PBXFileReference; fileEncoding = 4; lastKnownFileType = sourcecode.c.h; path = entropy_poll.h; sourceTree = "<group>"; };
		0E1B539D1C62D08000CE0319 /* error.h */ = {isa = PBXFileReference; fileEncoding = 4; lastKnownFileType = sourcecode.c.h; path = error.h; sourceTree = "<group>"; };
		0E1B539E1C62D08000CE0319 /* gcm.h */ = {isa = PBXFileReference; fileEncoding = 4; lastKnownFileType = sourcecode.c.h; path = gcm.h; sourceTree = "<group>"; };
		0E1B539F1C62D08000CE0319 /* havege.h */ = {isa = PBXFileReference; fileEncoding = 4; lastKnownFileType = sourcecode.c.h; path = havege.h; sourceTree = "<group>"; };
		0E1B53A01C62D08000CE0319 /* hmac_drbg.h */ = {isa = PBXFileReference; fileEncoding = 4; lastKnownFileType = sourcecode.c.h; path = hmac_drbg.h; sourceTree = "<group>"; };
		0E1B53A11C62D08000CE0319 /* md.h */ = {isa = PBXFileReference; fileEncoding = 4; lastKnownFileType = sourcecode.c.h; path = md.h; sourceTree = "<group>"; };
		0E1B53A21C62D08000CE0319 /* md2.h */ = {isa = PBXFileReference; fileEncoding = 4; lastKnownFileType = sourcecode.c.h; path = md2.h; sourceTree = "<group>"; };
		0E1B53A31C62D08000CE0319 /* md4.h */ = {isa = PBXFileReference; fileEncoding = 4; lastKnownFileType = sourcecode.c.h; path = md4.h; sourceTree = "<group>"; };
		0E1B53A41C62D08000CE0319 /* md5.h */ = {isa = PBXFileReference; fileEncoding = 4; lastKnownFileType = sourcecode.c.h; path = md5.h; sourceTree = "<group>"; };
		0E1B53A51C62D08000CE0319 /* md_internal.h */ = {isa = PBXFileReference; fileEncoding = 4; lastKnownFileType = sourcecode.c.h; path = md_internal.h; sourceTree = "<group>"; };
		0E1B53A61C62D08000CE0319 /* memory_buffer_alloc.h */ = {isa = PBXFileReference; fileEncoding = 4; lastKnownFileType = sourcecode.c.h; path = memory_buffer_alloc.h; sourceTree = "<group>"; };
		0E1B53A71C62D08000CE0319 /* net.h */ = {isa = PBXFileReference; fileEncoding = 4; lastKnownFileType = sourcecode.c.h; path = net.h; sourceTree = "<group>"; };
		0E1B53A81C62D08000CE0319 /* oid.h */ = {isa = PBXFileReference; fileEncoding = 4; lastKnownFileType = sourcecode.c.h; path = oid.h; sourceTree = "<group>"; };
		0E1B53A91C62D08000CE0319 /* padlock.h */ = {isa = PBXFileReference; fileEncoding = 4; lastKnownFileType = sourcecode.c.h; path = padlock.h; sourceTree = "<group>"; };
		0E1B53AA1C62D08000CE0319 /* pem.h */ = {isa = PBXFileReference; fileEncoding = 4; lastKnownFileType = sourcecode.c.h; path = pem.h; sourceTree = "<group>"; };
		0E1B53AB1C62D08000CE0319 /* pk.h */ = {isa = PBXFileReference; fileEncoding = 4; lastKnownFileType = sourcecode.c.h; path = pk.h; sourceTree = "<group>"; };
		0E1B53AC1C62D08000CE0319 /* pk_internal.h */ = {isa = PBXFileReference; fileEncoding = 4; lastKnownFileType = sourcecode.c.h; path = pk_internal.h; sourceTree = "<group>"; };
		0E1B53AD1C62D08000CE0319 /* pkcs11.h */ = {isa = PBXFileReference; fileEncoding = 4; lastKnownFileType = sourcecode.c.h; path = pkcs11.h; sourceTree = "<group>"; };
		0E1B53AE1C62D08000CE0319 /* pkcs12.h */ = {isa = PBXFileReference; fileEncoding = 4; lastKnownFileType = sourcecode.c.h; path = pkcs12.h; sourceTree = "<group>"; };
		0E1B53AF1C62D08000CE0319 /* pkcs5.h */ = {isa = PBXFileReference; fileEncoding = 4; lastKnownFileType = sourcecode.c.h; path = pkcs5.h; sourceTree = "<group>"; };
		0E1B53B01C62D08000CE0319 /* platform.h */ = {isa = PBXFileReference; fileEncoding = 4; lastKnownFileType = sourcecode.c.h; path = platform.h; sourceTree = "<group>"; };
		0E1B53B11C62D08000CE0319 /* ripemd160.h */ = {isa = PBXFileReference; fileEncoding = 4; lastKnownFileType = sourcecode.c.h; path = ripemd160.h; sourceTree = "<group>"; };
		0E1B53B21C62D08000CE0319 /* rsa.h */ = {isa = PBXFileReference; fileEncoding = 4; lastKnownFileType = sourcecode.c.h; path = rsa.h; sourceTree = "<group>"; };
		0E1B53B31C62D08000CE0319 /* sha1.h */ = {isa = PBXFileReference; fileEncoding = 4; lastKnownFileType = sourcecode.c.h; path = sha1.h; sourceTree = "<group>"; };
		0E1B53B41C62D08000CE0319 /* sha256.h */ = {isa = PBXFileReference; fileEncoding = 4; lastKnownFileType = sourcecode.c.h; path = sha256.h; sourceTree = "<group>"; };
		0E1B53B51C62D08000CE0319 /* sha512.h */ = {isa = PBXFileReference; fileEncoding = 4; lastKnownFileType = sourcecode.c.h; path = sha512.h; sourceTree = "<group>"; };
		0E1B53B61C62D08000CE0319 /* ssl.h */ = {isa = PBXFileReference; fileEncoding = 4; lastKnownFileType = sourcecode.c.h; path = ssl.h; sourceTree = "<group>"; };
		0E1B53B71C62D08000CE0319 /* ssl_cache.h */ = {isa = PBXFileReference; fileEncoding = 4; lastKnownFileType = sourcecode.c.h; path = ssl_cache.h; sourceTree = "<group>"; };
		0E1B53B81C62D08000CE0319 /* ssl_ciphersuites.h */ = {isa = PBXFileReference; fileEncoding = 4; lastKnownFileType = sourcecode.c.h; path = ssl_ciphersuites.h; sourceTree = "<group>"; };
		0E1B53B91C62D08000CE0319 /* ssl_cookie.h */ = {isa = PBXFileReference; fileEncoding = 4; lastKnownFileType = sourcecode.c.h; path = ssl_cookie.h; sourceTree = "<group>"; };
		0E1B53BA1C62D08000CE0319 /* ssl_internal.h */ = {isa = PBXFileReference; fileEncoding = 4; lastKnownFileType = sourcecode.c.h; path = ssl_internal.h; sourceTree = "<group>"; };
		0E1B53BB1C62D08000CE0319 /* ssl_ticket.h */ = {isa = PBXFileReference; fileEncoding = 4; lastKnownFileType = sourcecode.c.h; path = ssl_ticket.h; sourceTree = "<group>"; };
		0E1B53BC1C62D08000CE0319 /* threading.h */ = {isa = PBXFileReference; fileEncoding = 4; lastKnownFileType = sourcecode.c.h; path = threading.h; sourceTree = "<group>"; };
		0E1B53BD1C62D08000CE0319 /* timing.h */ = {isa = PBXFileReference; fileEncoding = 4; lastKnownFileType = sourcecode.c.h; path = timing.h; sourceTree = "<group>"; };
		0E1B53BE1C62D08000CE0319 /* version.h */ = {isa = PBXFileReference; fileEncoding = 4; lastKnownFileType = sourcecode.c.h; path = version.h; sourceTree = "<group>"; };
		0E1B53BF1C62D08000CE0319 /* x509.h */ = {isa = PBXFileReference; fileEncoding = 4; lastKnownFileType = sourcecode.c.h; path = x509.h; sourceTree = "<group>"; };
		0E1B53C01C62D08000CE0319 /* x509_crl.h */ = {isa = PBXFileReference; fileEncoding = 4; lastKnownFileType = sourcecode.c.h; path = x509_crl.h; sourceTree = "<group>"; };
		0E1B53C11C62D08000CE0319 /* x509_crt.h */ = {isa = PBXFileReference; fileEncoding = 4; lastKnownFileType = sourcecode.c.h; path = x509_crt.h; sourceTree = "<group>"; };
		0E1B53C21C62D08000CE0319 /* x509_csr.h */ = {isa = PBXFileReference; fileEncoding = 4; lastKnownFileType = sourcecode.c.h; path = x509_csr.h; sourceTree = "<group>"; };
		0E1B53C31C62D08000CE0319 /* xtea.h */ = {isa = PBXFileReference; fileEncoding = 4; lastKnownFileType = sourcecode.c.h; path = xtea.h; sourceTree = "<group>"; };
		0E1B53C51C62D08000CE0319 /* aes.c */ = {isa = PBXFileReference; fileEncoding = 4; lastKnownFileType = sourcecode.c.c; path = aes.c; sourceTree = "<group>"; };
		0E1B53C61C62D08000CE0319 /* aesni.c */ = {isa = PBXFileReference; fileEncoding = 4; lastKnownFileType = sourcecode.c.c; path = aesni.c; sourceTree = "<group>"; };
		0E1B53C71C62D08000CE0319 /* arc4.c */ = {isa = PBXFileReference; fileEncoding = 4; lastKnownFileType = sourcecode.c.c; path = arc4.c; sourceTree = "<group>"; };
		0E1B53C81C62D08000CE0319 /* asn1parse.c */ = {isa = PBXFileReference; fileEncoding = 4; lastKnownFileType = sourcecode.c.c; path = asn1parse.c; sourceTree = "<group>"; };
		0E1B53C91C62D08000CE0319 /* asn1write.c */ = {isa = PBXFileReference; fileEncoding = 4; lastKnownFileType = sourcecode.c.c; path = asn1write.c; sourceTree = "<group>"; };
		0E1B53CA1C62D08000CE0319 /* base64.c */ = {isa = PBXFileReference; fileEncoding = 4; lastKnownFileType = sourcecode.c.c; path = base64.c; sourceTree = "<group>"; };
		0E1B53CB1C62D08000CE0319 /* bignum.c */ = {isa = PBXFileReference; fileEncoding = 4; lastKnownFileType = sourcecode.c.c; path = bignum.c; sourceTree = "<group>"; };
		0E1B53CC1C62D08000CE0319 /* blowfish.c */ = {isa = PBXFileReference; fileEncoding = 4; lastKnownFileType = sourcecode.c.c; path = blowfish.c; sourceTree = "<group>"; };
		0E1B53CD1C62D08000CE0319 /* camellia.c */ = {isa = PBXFileReference; fileEncoding = 4; lastKnownFileType = sourcecode.c.c; path = camellia.c; sourceTree = "<group>"; };
		0E1B53CE1C62D08000CE0319 /* ccm.c */ = {isa = PBXFileReference; fileEncoding = 4; lastKnownFileType = sourcecode.c.c; path = ccm.c; sourceTree = "<group>"; };
		0E1B53CF1C62D08000CE0319 /* certs.c */ = {isa = PBXFileReference; fileEncoding = 4; lastKnownFileType = sourcecode.c.c; path = certs.c; sourceTree = "<group>"; };
		0E1B53D01C62D08000CE0319 /* cipher.c */ = {isa = PBXFileReference; fileEncoding = 4; lastKnownFileType = sourcecode.c.c; path = cipher.c; sourceTree = "<group>"; };
		0E1B53D11C62D08000CE0319 /* cipher_wrap.c */ = {isa = PBXFileReference; fileEncoding = 4; lastKnownFileType = sourcecode.c.c; path = cipher_wrap.c; sourceTree = "<group>"; };
		0E1B53D21C62D08000CE0319 /* ctr_drbg.c */ = {isa = PBXFileReference; fileEncoding = 4; lastKnownFileType = sourcecode.c.c; path = ctr_drbg.c; sourceTree = "<group>"; };
		0E1B53D31C62D08000CE0319 /* debug.c */ = {isa = PBXFileReference; fileEncoding = 4; lastKnownFileType = sourcecode.c.c; path = debug.c; sourceTree = "<group>"; };
		0E1B53D41C62D08000CE0319 /* des.c */ = {isa = PBXFileReference; fileEncoding = 4; lastKnownFileType = sourcecode.c.c; path = des.c; sourceTree = "<group>"; };
		0E1B53D51C62D08000CE0319 /* dhm.c */ = {isa = PBXFileReference; fileEncoding = 4; lastKnownFileType = sourcecode.c.c; path = dhm.c; sourceTree = "<group>"; };
		0E1B53D61C62D08000CE0319 /* ecdh.c */ = {isa = PBXFileReference; fileEncoding = 4; lastKnownFileType = sourcecode.c.c; path = ecdh.c; sourceTree = "<group>"; };
		0E1B53D71C62D08000CE0319 /* ecdsa.c */ = {isa = PBXFileReference; fileEncoding = 4; lastKnownFileType = sourcecode.c.c; path = ecdsa.c; sourceTree = "<group>"; };
		0E1B53D81C62D08000CE0319 /* ecjpake.c */ = {isa = PBXFileReference; fileEncoding = 4; lastKnownFileType = sourcecode.c.c; path = ecjpake.c; sourceTree = "<group>"; };
		0E1B53D91C62D08000CE0319 /* ecp.c */ = {isa = PBXFileReference; fileEncoding = 4; lastKnownFileType = sourcecode.c.c; path = ecp.c; sourceTree = "<group>"; };
		0E1B53DA1C62D08000CE0319 /* ecp_curves.c */ = {isa = PBXFileReference; fileEncoding = 4; lastKnownFileType = sourcecode.c.c; path = ecp_curves.c; sourceTree = "<group>"; };
		0E1B53DB1C62D08000CE0319 /* entropy.c */ = {isa = PBXFileReference; fileEncoding = 4; lastKnownFileType = sourcecode.c.c; path = entropy.c; sourceTree = "<group>"; };
		0E1B53DC1C62D08000CE0319 /* entropy_poll.c */ = {isa = PBXFileReference; fileEncoding = 4; lastKnownFileType = sourcecode.c.c; path = entropy_poll.c; sourceTree = "<group>"; };
		0E1B53DD1C62D08000CE0319 /* error.c */ = {isa = PBXFileReference; fileEncoding = 4; lastKnownFileType = sourcecode.c.c; path = error.c; sourceTree = "<group>"; };
		0E1B53DE1C62D08000CE0319 /* gcm.c */ = {isa = PBXFileReference; fileEncoding = 4; lastKnownFileType = sourcecode.c.c; path = gcm.c; sourceTree = "<group>"; };
		0E1B53DF1C62D08000CE0319 /* havege.c */ = {isa = PBXFileReference; fileEncoding = 4; lastKnownFileType = sourcecode.c.c; path = havege.c; sourceTree = "<group>"; };
		0E1B53E01C62D08000CE0319 /* hmac_drbg.c */ = {isa = PBXFileReference; fileEncoding = 4; lastKnownFileType = sourcecode.c.c; path = hmac_drbg.c; sourceTree = "<group>"; };
		0E1B53E11C62D08000CE0319 /* md.c */ = {isa = PBXFileReference; fileEncoding = 4; lastKnownFileType = sourcecode.c.c; path = md.c; sourceTree = "<group>"; };
		0E1B53E21C62D08000CE0319 /* md2.c */ = {isa = PBXFileReference; fileEncoding = 4; lastKnownFileType = sourcecode.c.c; path = md2.c; sourceTree = "<group>"; };
		0E1B53E31C62D08000CE0319 /* md4.c */ = {isa = PBXFileReference; fileEncoding = 4; lastKnownFileType = sourcecode.c.c; path = md4.c; sourceTree = "<group>"; };
		0E1B53E41C62D08000CE0319 /* md5.c */ = {isa = PBXFileReference; fileEncoding = 4; lastKnownFileType = sourcecode.c.c; path = md5.c; sourceTree = "<group>"; };
		0E1B53E51C62D08000CE0319 /* md_wrap.c */ = {isa = PBXFileReference; fileEncoding = 4; lastKnownFileType = sourcecode.c.c; path = md_wrap.c; sourceTree = "<group>"; };
		0E1B53E61C62D08000CE0319 /* memory_buffer_alloc.c */ = {isa = PBXFileReference; fileEncoding = 4; lastKnownFileType = sourcecode.c.c; path = memory_buffer_alloc.c; sourceTree = "<group>"; };
		0E1B53E71C62D08000CE0319 /* net.c */ = {isa = PBXFileReference; fileEncoding = 4; lastKnownFileType = sourcecode.c.c; path = net.c; sourceTree = "<group>"; };
		0E1B53E81C62D08000CE0319 /* oid.c */ = {isa = PBXFileReference; fileEncoding = 4; lastKnownFileType = sourcecode.c.c; path = oid.c; sourceTree = "<group>"; };
		0E1B53E91C62D08000CE0319 /* padlock.c */ = {isa = PBXFileReference; fileEncoding = 4; lastKnownFileType = sourcecode.c.c; path = padlock.c; sourceTree = "<group>"; };
		0E1B53EA1C62D08000CE0319 /* pem.c */ = {isa = PBXFileReference; fileEncoding = 4; lastKnownFileType = sourcecode.c.c; path = pem.c; sourceTree = "<group>"; };
		0E1B53EB1C62D08000CE0319 /* pk.c */ = {isa = PBXFileReference; fileEncoding = 4; lastKnownFileType = sourcecode.c.c; path = pk.c; sourceTree = "<group>"; };
		0E1B53EC1C62D08000CE0319 /* pk_wrap.c */ = {isa = PBXFileReference; fileEncoding = 4; lastKnownFileType = sourcecode.c.c; path = pk_wrap.c; sourceTree = "<group>"; };
		0E1B53ED1C62D08000CE0319 /* pkcs11.c */ = {isa = PBXFileReference; fileEncoding = 4; lastKnownFileType = sourcecode.c.c; path = pkcs11.c; sourceTree = "<group>"; };
		0E1B53EE1C62D08000CE0319 /* pkcs12.c */ = {isa = PBXFileReference; fileEncoding = 4; lastKnownFileType = sourcecode.c.c; path = pkcs12.c; sourceTree = "<group>"; };
		0E1B53EF1C62D08000CE0319 /* pkcs5.c */ = {isa = PBXFileReference; fileEncoding = 4; lastKnownFileType = sourcecode.c.c; path = pkcs5.c; sourceTree = "<group>"; };
		0E1B53F01C62D08000CE0319 /* pkparse.c */ = {isa = PBXFileReference; fileEncoding = 4; lastKnownFileType = sourcecode.c.c; path = pkparse.c; sourceTree = "<group>"; };
		0E1B53F11C62D08000CE0319 /* pkwrite.c */ = {isa = PBXFileReference; fileEncoding = 4; lastKnownFileType = sourcecode.c.c; path = pkwrite.c; sourceTree = "<group>"; };
		0E1B53F21C62D08000CE0319 /* platform.c */ = {isa = PBXFileReference; fileEncoding = 4; lastKnownFileType = sourcecode.c.c; path = platform.c; sourceTree = "<group>"; };
		0E1B53F31C62D08000CE0319 /* ripemd160.c */ = {isa = PBXFileReference; fileEncoding = 4; lastKnownFileType = sourcecode.c.c; path = ripemd160.c; sourceTree = "<group>"; };
		0E1B53F41C62D08000CE0319 /* rsa.c */ = {isa = PBXFileReference; fileEncoding = 4; lastKnownFileType = sourcecode.c.c; path = rsa.c; sourceTree = "<group>"; };
		0E1B53F51C62D08000CE0319 /* sha1.c */ = {isa = PBXFileReference; fileEncoding = 4; lastKnownFileType = sourcecode.c.c; path = sha1.c; sourceTree = "<group>"; };
		0E1B53F61C62D08000CE0319 /* sha256.c */ = {isa = PBXFileReference; fileEncoding = 4; lastKnownFileType = sourcecode.c.c; path = sha256.c; sourceTree = "<group>"; };
		0E1B53F71C62D08000CE0319 /* sha512.c */ = {isa = PBXFileReference; fileEncoding = 4; lastKnownFileType = sourcecode.c.c; path = sha512.c; sourceTree = "<group>"; };
		0E1B53F81C62D08000CE0319 /* ssl_cache.c */ = {isa = PBXFileReference; fileEncoding = 4; lastKnownFileType = sourcecode.c.c; path = ssl_cache.c; sourceTree = "<group>"; };
		0E1B53F91C62D08000CE0319 /* ssl_ciphersuites.c */ = {isa = PBXFileReference; fileEncoding = 4; lastKnownFileType = sourcecode.c.c; path = ssl_ciphersuites.c; sourceTree = "<group>"; };
		0E1B53FA1C62D08000CE0319 /* ssl_cli.c */ = {isa = PBXFileReference; fileEncoding = 4; lastKnownFileType = sourcecode.c.c; path = ssl_cli.c; sourceTree = "<group>"; };
		0E1B53FB1C62D08000CE0319 /* ssl_cookie.c */ = {isa = PBXFileReference; fileEncoding = 4; lastKnownFileType = sourcecode.c.c; path = ssl_cookie.c; sourceTree = "<group>"; };
		0E1B53FC1C62D08000CE0319 /* ssl_srv.c */ = {isa = PBXFileReference; fileEncoding = 4; lastKnownFileType = sourcecode.c.c; path = ssl_srv.c; sourceTree = "<group>"; };
		0E1B53FD1C62D08000CE0319 /* ssl_ticket.c */ = {isa = PBXFileReference; fileEncoding = 4; lastKnownFileType = sourcecode.c.c; path = ssl_ticket.c; sourceTree = "<group>"; };
		0E1B53FE1C62D08000CE0319 /* ssl_tls.c */ = {isa = PBXFileReference; fileEncoding = 4; lastKnownFileType = sourcecode.c.c; path = ssl_tls.c; sourceTree = "<group>"; };
		0E1B53FF1C62D08000CE0319 /* threading.c */ = {isa = PBXFileReference; fileEncoding = 4; lastKnownFileType = sourcecode.c.c; path = threading.c; sourceTree = "<group>"; };
		0E1B54001C62D08000CE0319 /* timing.c */ = {isa = PBXFileReference; fileEncoding = 4; lastKnownFileType = sourcecode.c.c; path = timing.c; sourceTree = "<group>"; };
		0E1B54011C62D08000CE0319 /* version.c */ = {isa = PBXFileReference; fileEncoding = 4; lastKnownFileType = sourcecode.c.c; path = version.c; sourceTree = "<group>"; };
		0E1B54021C62D08000CE0319 /* version_features.c */ = {isa = PBXFileReference; fileEncoding = 4; lastKnownFileType = sourcecode.c.c; path = version_features.c; sourceTree = "<group>"; };
		0E1B54031C62D08000CE0319 /* x509.c */ = {isa = PBXFileReference; fileEncoding = 4; lastKnownFileType = sourcecode.c.c; path = x509.c; sourceTree = "<group>"; };
		0E1B54041C62D08000CE0319 /* x509_create.c */ = {isa = PBXFileReference; fileEncoding = 4; lastKnownFileType = sourcecode.c.c; path = x509_create.c; sourceTree = "<group>"; };
		0E1B54051C62D08000CE0319 /* x509_crl.c */ = {isa = PBXFileReference; fileEncoding = 4; lastKnownFileType = sourcecode.c.c; path = x509_crl.c; sourceTree = "<group>"; };
		0E1B54061C62D08000CE0319 /* x509_crt.c */ = {isa = PBXFileReference; fileEncoding = 4; lastKnownFileType = sourcecode.c.c; path = x509_crt.c; sourceTree = "<group>"; };
		0E1B54071C62D08000CE0319 /* x509_csr.c */ = {isa = PBXFileReference; fileEncoding = 4; lastKnownFileType = sourcecode.c.c; path = x509_csr.c; sourceTree = "<group>"; };
		0E1B54081C62D08000CE0319 /* x509write_crt.c */ = {isa = PBXFileReference; fileEncoding = 4; lastKnownFileType = sourcecode.c.c; path = x509write_crt.c; sourceTree = "<group>"; };
		0E1B54091C62D08000CE0319 /* x509write_csr.c */ = {isa = PBXFileReference; fileEncoding = 4; lastKnownFileType = sourcecode.c.c; path = x509write_csr.c; sourceTree = "<group>"; };
		0E1B540A1C62D08000CE0319 /* xtea.c */ = {isa = PBXFileReference; fileEncoding = 4; lastKnownFileType = sourcecode.c.c; path = xtea.c; sourceTree = "<group>"; };
		0E1B54931C62D11300CE0319 /* README.TXT */ = {isa = PBXFileReference; fileEncoding = 4; lastKnownFileType = text; path = README.TXT; sourceTree = "<group>"; };
/* End PBXFileReference section */

/* Begin PBXFrameworksBuildPhase section */
		0E1B53761C62D05300CE0319 /* Frameworks */ = {
			isa = PBXFrameworksBuildPhase;
			buildActionMask = 2147483647;
			files = (
			);
			runOnlyForDeploymentPostprocessing = 0;
		};
/* End PBXFrameworksBuildPhase section */

/* Begin PBXGroup section */
		0E1B53701C62D05300CE0319 = {
			isa = PBXGroup;
			children = (
				0E1B54931C62D11300CE0319 /* README.TXT */,
				0E1B53801C62D08000CE0319 /* mbedtls */,
				0E1B537A1C62D05300CE0319 /* Products */,
			);
			sourceTree = "<group>";
		};
		0E1B537A1C62D05300CE0319 /* Products */ = {
			isa = PBXGroup;
			children = (
				0E1B53791C62D05300CE0319 /* libmbedtls.a */,
			);
			name = Products;
			sourceTree = "<group>";
		};
		0E1B53801C62D08000CE0319 /* mbedtls */ = {
			isa = PBXGroup;
			children = (
				0E1B53811C62D08000CE0319 /* include */,
				0E1B53C41C62D08000CE0319 /* library */,
			);
			path = mbedtls;
			sourceTree = "<group>";
		};
		0E1B53811C62D08000CE0319 /* include */ = {
			isa = PBXGroup;
			children = (
				0E1B53821C62D08000CE0319 /* aes.h */,
				0E1B53831C62D08000CE0319 /* aesni.h */,
				0E1B53841C62D08000CE0319 /* arc4.h */,
				0E1B53851C62D08000CE0319 /* asn1.h */,
				0E1B53861C62D08000CE0319 /* asn1write.h */,
				0E1B53871C62D08000CE0319 /* base64.h */,
				0E1B53881C62D08000CE0319 /* bignum.h */,
				0E1B53891C62D08000CE0319 /* blowfish.h */,
				0E1B538A1C62D08000CE0319 /* bn_mul.h */,
				0E1B538B1C62D08000CE0319 /* camellia.h */,
				0E1B538C1C62D08000CE0319 /* ccm.h */,
				0E1B538D1C62D08000CE0319 /* certs.h */,
				0E1B538E1C62D08000CE0319 /* check_config.h */,
				0E1B538F1C62D08000CE0319 /* cipher.h */,
				0E1B53901C62D08000CE0319 /* cipher_internal.h */,
				0E1B53911C62D08000CE0319 /* compat-1.3.h */,
				0E1B53921C62D08000CE0319 /* config.h */,
				0E1B53931C62D08000CE0319 /* ctr_drbg.h */,
				0E1B53941C62D08000CE0319 /* debug.h */,
				0E1B53951C62D08000CE0319 /* des.h */,
				0E1B53961C62D08000CE0319 /* dhm.h */,
				0E1B53971C62D08000CE0319 /* ecdh.h */,
				0E1B53981C62D08000CE0319 /* ecdsa.h */,
				0E1B53991C62D08000CE0319 /* ecjpake.h */,
				0E1B539A1C62D08000CE0319 /* ecp.h */,
				0E1B539B1C62D08000CE0319 /* entropy.h */,
				0E1B539C1C62D08000CE0319 /* entropy_poll.h */,
				0E1B539D1C62D08000CE0319 /* error.h */,
				0E1B539E1C62D08000CE0319 /* gcm.h */,
				0E1B539F1C62D08000CE0319 /* havege.h */,
				0E1B53A01C62D08000CE0319 /* hmac_drbg.h */,
				0E1B53A11C62D08000CE0319 /* md.h */,
				0E1B53A21C62D08000CE0319 /* md2.h */,
				0E1B53A31C62D08000CE0319 /* md4.h */,
				0E1B53A41C62D08000CE0319 /* md5.h */,
				0E1B53A51C62D08000CE0319 /* md_internal.h */,
				0E1B53A61C62D08000CE0319 /* memory_buffer_alloc.h */,
				0E1B53A71C62D08000CE0319 /* net.h */,
				0E1B53A81C62D08000CE0319 /* oid.h */,
				0E1B53A91C62D08000CE0319 /* padlock.h */,
				0E1B53AA1C62D08000CE0319 /* pem.h */,
				0E1B53AB1C62D08000CE0319 /* pk.h */,
				0E1B53AC1C62D08000CE0319 /* pk_internal.h */,
				0E1B53AD1C62D08000CE0319 /* pkcs11.h */,
				0E1B53AE1C62D08000CE0319 /* pkcs12.h */,
				0E1B53AF1C62D08000CE0319 /* pkcs5.h */,
				0E1B53B01C62D08000CE0319 /* platform.h */,
				0E1B53B11C62D08000CE0319 /* ripemd160.h */,
				0E1B53B21C62D08000CE0319 /* rsa.h */,
				0E1B53B31C62D08000CE0319 /* sha1.h */,
				0E1B53B41C62D08000CE0319 /* sha256.h */,
				0E1B53B51C62D08000CE0319 /* sha512.h */,
				0E1B53B61C62D08000CE0319 /* ssl.h */,
				0E1B53B71C62D08000CE0319 /* ssl_cache.h */,
				0E1B53B81C62D08000CE0319 /* ssl_ciphersuites.h */,
				0E1B53B91C62D08000CE0319 /* ssl_cookie.h */,
				0E1B53BA1C62D08000CE0319 /* ssl_internal.h */,
				0E1B53BB1C62D08000CE0319 /* ssl_ticket.h */,
				0E1B53BC1C62D08000CE0319 /* threading.h */,
				0E1B53BD1C62D08000CE0319 /* timing.h */,
				0E1B53BE1C62D08000CE0319 /* version.h */,
				0E1B53BF1C62D08000CE0319 /* x509.h */,
				0E1B53C01C62D08000CE0319 /* x509_crl.h */,
				0E1B53C11C62D08000CE0319 /* x509_crt.h */,
				0E1B53C21C62D08000CE0319 /* x509_csr.h */,
				0E1B53C31C62D08000CE0319 /* xtea.h */,
			);
			path = include;
			sourceTree = "<group>";
		};
		0E1B53C41C62D08000CE0319 /* library */ = {
			isa = PBXGroup;
			children = (
				0E1B53C51C62D08000CE0319 /* aes.c */,
				0E1B53C61C62D08000CE0319 /* aesni.c */,
				0E1B53C71C62D08000CE0319 /* arc4.c */,
				0E1B53C81C62D08000CE0319 /* asn1parse.c */,
				0E1B53C91C62D08000CE0319 /* asn1write.c */,
				0E1B53CA1C62D08000CE0319 /* base64.c */,
				0E1B53CB1C62D08000CE0319 /* bignum.c */,
				0E1B53CC1C62D08000CE0319 /* blowfish.c */,
				0E1B53CD1C62D08000CE0319 /* camellia.c */,
				0E1B53CE1C62D08000CE0319 /* ccm.c */,
				0E1B53CF1C62D08000CE0319 /* certs.c */,
				0E1B53D01C62D08000CE0319 /* cipher.c */,
				0E1B53D11C62D08000CE0319 /* cipher_wrap.c */,
				0E1B53D21C62D08000CE0319 /* ctr_drbg.c */,
				0E1B53D31C62D08000CE0319 /* debug.c */,
				0E1B53D41C62D08000CE0319 /* des.c */,
				0E1B53D51C62D08000CE0319 /* dhm.c */,
				0E1B53D61C62D08000CE0319 /* ecdh.c */,
				0E1B53D71C62D08000CE0319 /* ecdsa.c */,
				0E1B53D81C62D08000CE0319 /* ecjpake.c */,
				0E1B53D91C62D08000CE0319 /* ecp.c */,
				0E1B53DA1C62D08000CE0319 /* ecp_curves.c */,
				0E1B53DB1C62D08000CE0319 /* entropy.c */,
				0E1B53DC1C62D08000CE0319 /* entropy_poll.c */,
				0E1B53DD1C62D08000CE0319 /* error.c */,
				0E1B53DE1C62D08000CE0319 /* gcm.c */,
				0E1B53DF1C62D08000CE0319 /* havege.c */,
				0E1B53E01C62D08000CE0319 /* hmac_drbg.c */,
				0E1B53E11C62D08000CE0319 /* md.c */,
				0E1B53E21C62D08000CE0319 /* md2.c */,
				0E1B53E31C62D08000CE0319 /* md4.c */,
				0E1B53E41C62D08000CE0319 /* md5.c */,
				0E1B53E51C62D08000CE0319 /* md_wrap.c */,
				0E1B53E61C62D08000CE0319 /* memory_buffer_alloc.c */,
				0E1B53E71C62D08000CE0319 /* net.c */,
				0E1B53E81C62D08000CE0319 /* oid.c */,
				0E1B53E91C62D08000CE0319 /* padlock.c */,
				0E1B53EA1C62D08000CE0319 /* pem.c */,
				0E1B53EB1C62D08000CE0319 /* pk.c */,
				0E1B53EC1C62D08000CE0319 /* pk_wrap.c */,
				0E1B53ED1C62D08000CE0319 /* pkcs11.c */,
				0E1B53EE1C62D08000CE0319 /* pkcs12.c */,
				0E1B53EF1C62D08000CE0319 /* pkcs5.c */,
				0E1B53F01C62D08000CE0319 /* pkparse.c */,
				0E1B53F11C62D08000CE0319 /* pkwrite.c */,
				0E1B53F21C62D08000CE0319 /* platform.c */,
				0E1B53F31C62D08000CE0319 /* ripemd160.c */,
				0E1B53F41C62D08000CE0319 /* rsa.c */,
				0E1B53F51C62D08000CE0319 /* sha1.c */,
				0E1B53F61C62D08000CE0319 /* sha256.c */,
				0E1B53F71C62D08000CE0319 /* sha512.c */,
				0E1B53F81C62D08000CE0319 /* ssl_cache.c */,
				0E1B53F91C62D08000CE0319 /* ssl_ciphersuites.c */,
				0E1B53FA1C62D08000CE0319 /* ssl_cli.c */,
				0E1B53FB1C62D08000CE0319 /* ssl_cookie.c */,
				0E1B53FC1C62D08000CE0319 /* ssl_srv.c */,
				0E1B53FD1C62D08000CE0319 /* ssl_ticket.c */,
				0E1B53FE1C62D08000CE0319 /* ssl_tls.c */,
				0E1B53FF1C62D08000CE0319 /* threading.c */,
				0E1B54001C62D08000CE0319 /* timing.c */,
				0E1B54011C62D08000CE0319 /* version.c */,
				0E1B54021C62D08000CE0319 /* version_features.c */,
				0E1B54031C62D08000CE0319 /* x509.c */,
				0E1B54041C62D08000CE0319 /* x509_create.c */,
				0E1B54051C62D08000CE0319 /* x509_crl.c */,
				0E1B54061C62D08000CE0319 /* x509_crt.c */,
				0E1B54071C62D08000CE0319 /* x509_csr.c */,
				0E1B54081C62D08000CE0319 /* x509write_crt.c */,
				0E1B54091C62D08000CE0319 /* x509write_csr.c */,
				0E1B540A1C62D08000CE0319 /* xtea.c */,
			);
			path = library;
			sourceTree = "<group>";
		};
/* End PBXGroup section */

/* Begin PBXHeadersBuildPhase section */
		0E1B53771C62D05300CE0319 /* Headers */ = {
			isa = PBXHeadersBuildPhase;
			buildActionMask = 2147483647;
			files = (
				0E1B542E1C62D08000CE0319 /* md_internal.h in Headers */,
				0E1B54341C62D08000CE0319 /* pk.h in Headers */,
				0E1B542B1C62D08000CE0319 /* md2.h in Headers */,
				0E1B54251C62D08000CE0319 /* entropy_poll.h in Headers */,
				0E1B54151C62D08000CE0319 /* ccm.h in Headers */,
				0E1B54441C62D08000CE0319 /* ssl_ticket.h in Headers */,
				0E1B54491C62D08000CE0319 /* x509_crl.h in Headers */,
				0E1B543C1C62D08000CE0319 /* sha1.h in Headers */,
				0E1B54231C62D08000CE0319 /* ecp.h in Headers */,
				0E1B54131C62D08000CE0319 /* bn_mul.h in Headers */,
				0E1B54301C62D08000CE0319 /* net.h in Headers */,
				0E1B54221C62D08000CE0319 /* ecjpake.h in Headers */,
				0E1B543A1C62D08000CE0319 /* ripemd160.h in Headers */,
				0E1B54351C62D08000CE0319 /* pk_internal.h in Headers */,
				0E1B54291C62D08000CE0319 /* hmac_drbg.h in Headers */,
				0E1B541D1C62D08000CE0319 /* debug.h in Headers */,
				0E1B54401C62D08000CE0319 /* ssl_cache.h in Headers */,
				0E1B540B1C62D08000CE0319 /* aes.h in Headers */,
				0E1B540C1C62D08000CE0319 /* aesni.h in Headers */,
				0E1B540F1C62D08000CE0319 /* asn1write.h in Headers */,
				0E1B54321C62D08000CE0319 /* padlock.h in Headers */,
				0E1B542D1C62D08000CE0319 /* md5.h in Headers */,
				0E1B541F1C62D08000CE0319 /* dhm.h in Headers */,
				0E1B543B1C62D08000CE0319 /* rsa.h in Headers */,
				0E1B541C1C62D08000CE0319 /* ctr_drbg.h in Headers */,
				0E1B54261C62D08000CE0319 /* error.h in Headers */,
				0E1B541E1C62D08000CE0319 /* des.h in Headers */,
				0E1B54381C62D08000CE0319 /* pkcs5.h in Headers */,
				0E1B541A1C62D08000CE0319 /* compat-1.3.h in Headers */,
				0E1B54271C62D08000CE0319 /* gcm.h in Headers */,
				0E1B544A1C62D08000CE0319 /* x509_crt.h in Headers */,
				0E1B54211C62D08000CE0319 /* ecdsa.h in Headers */,
				0E1B544B1C62D08000CE0319 /* x509_csr.h in Headers */,
				0E1B54191C62D08000CE0319 /* cipher_internal.h in Headers */,
				0E1B54361C62D08000CE0319 /* pkcs11.h in Headers */,
				0E1B541B1C62D08000CE0319 /* config.h in Headers */,
				0E1B54141C62D08000CE0319 /* camellia.h in Headers */,
				0E1B54461C62D08000CE0319 /* timing.h in Headers */,
				0E1B54161C62D08000CE0319 /* certs.h in Headers */,
				0E1B54371C62D08000CE0319 /* pkcs12.h in Headers */,
				0E1B543E1C62D08000CE0319 /* sha512.h in Headers */,
				0E1B542F1C62D08000CE0319 /* memory_buffer_alloc.h in Headers */,
				0E1B54201C62D08000CE0319 /* ecdh.h in Headers */,
				0E1B543F1C62D08000CE0319 /* ssl.h in Headers */,
				0E1B540D1C62D08000CE0319 /* arc4.h in Headers */,
				0E1B540E1C62D08000CE0319 /* asn1.h in Headers */,
				0E1B543D1C62D08000CE0319 /* sha256.h in Headers */,
				0E1B54181C62D08000CE0319 /* cipher.h in Headers */,
				0E1B54171C62D08000CE0319 /* check_config.h in Headers */,
				0E1B54431C62D08000CE0319 /* ssl_internal.h in Headers */,
				0E1B54241C62D08000CE0319 /* entropy.h in Headers */,
				0E1B54421C62D08000CE0319 /* ssl_cookie.h in Headers */,
				0E1B54331C62D08000CE0319 /* pem.h in Headers */,
				0E1B542A1C62D08000CE0319 /* md.h in Headers */,
				0E1B54411C62D08000CE0319 /* ssl_ciphersuites.h in Headers */,
				0E1B54481C62D08000CE0319 /* x509.h in Headers */,
				0E1B54311C62D08000CE0319 /* oid.h in Headers */,
				0E1B54391C62D08000CE0319 /* platform.h in Headers */,
				0E1B544C1C62D08000CE0319 /* xtea.h in Headers */,
				0E1B54281C62D08000CE0319 /* havege.h in Headers */,
				0E1B542C1C62D08000CE0319 /* md4.h in Headers */,
				0E1B54451C62D08000CE0319 /* threading.h in Headers */,
				0E1B54101C62D08000CE0319 /* base64.h in Headers */,
				0E1B54471C62D08000CE0319 /* version.h in Headers */,
				0E1B54121C62D08000CE0319 /* blowfish.h in Headers */,
				0E1B54111C62D08000CE0319 /* bignum.h in Headers */,
			);
			runOnlyForDeploymentPostprocessing = 0;
		};
/* End PBXHeadersBuildPhase section */

/* Begin PBXNativeTarget section */
		0E1B53781C62D05300CE0319 /* mbedtls */ = {
			isa = PBXNativeTarget;
			buildConfigurationList = 0E1B537D1C62D05300CE0319 /* Build configuration list for PBXNativeTarget "mbedtls" */;
			buildPhases = (
				0E1B53751C62D05300CE0319 /* Sources */,
				0E1B53761C62D05300CE0319 /* Frameworks */,
				0E1B53771C62D05300CE0319 /* Headers */,
			);
			buildRules = (
			);
			dependencies = (
			);
			name = mbedtls;
			productName = mbedtls;
			productReference = 0E1B53791C62D05300CE0319 /* libmbedtls.a */;
			productType = "com.apple.product-type.library.static";
		};
/* End PBXNativeTarget section */

/* Begin PBXProject section */
		0E1B53711C62D05300CE0319 /* Project object */ = {
			isa = PBXProject;
			attributes = {
				LastUpgradeCheck = 0720;
				ORGANIZATIONNAME = Janison;
				TargetAttributes = {
					0E1B53781C62D05300CE0319 = {
						CreatedOnToolsVersion = 7.2;
					};
				};
			};
			buildConfigurationList = 0E1B53741C62D05300CE0319 /* Build configuration list for PBXProject "mbedtls" */;
			compatibilityVersion = "Xcode 3.2";
			developmentRegion = English;
			hasScannedForEncodings = 0;
			knownRegions = (
				en,
			);
			mainGroup = 0E1B53701C62D05300CE0319;
			productRefGroup = 0E1B537A1C62D05300CE0319 /* Products */;
			projectDirPath = "";
			projectRoot = "";
			targets = (
				0E1B53781C62D05300CE0319 /* mbedtls */,
			);
		};
/* End PBXProject section */

/* Begin PBXSourcesBuildPhase section */
		0E1B53751C62D05300CE0319 /* Sources */ = {
			isa = PBXSourcesBuildPhase;
			buildActionMask = 2147483647;
			files = (
				0E1B54771C62D08000CE0319 /* pkcs5.c in Sources */,
				0E1B547B1C62D08000CE0319 /* ripemd160.c in Sources */,
				0E1B544E1C62D08000CE0319 /* aesni.c in Sources */,
				0E1B54601C62D08000CE0319 /* ecjpake.c in Sources */,
				0E1B54551C62D08000CE0319 /* camellia.c in Sources */,
				0E1B54781C62D08000CE0319 /* pkparse.c in Sources */,
				0E1B545C1C62D08000CE0319 /* des.c in Sources */,
				0E1B548C1C62D08000CE0319 /* x509_create.c in Sources */,
				0E1B548A1C62D08000CE0319 /* version_features.c in Sources */,
				0E1B54811C62D08000CE0319 /* ssl_ciphersuites.c in Sources */,
				0E1B545A1C62D08000CE0319 /* ctr_drbg.c in Sources */,
				0E1B54881C62D08000CE0319 /* timing.c in Sources */,
				0E1B546B1C62D08000CE0319 /* md4.c in Sources */,
				0E1B54731C62D08000CE0319 /* pk.c in Sources */,
				0E1B546D1C62D08000CE0319 /* md_wrap.c in Sources */,
				0E1B545D1C62D08000CE0319 /* dhm.c in Sources */,
				0E1B547C1C62D08000CE0319 /* rsa.c in Sources */,
				0E1B54611C62D08000CE0319 /* ecp.c in Sources */,
				0E1B545E1C62D08000CE0319 /* ecdh.c in Sources */,
				0E1B54541C62D08000CE0319 /* blowfish.c in Sources */,
				0E1B54871C62D08000CE0319 /* threading.c in Sources */,
				0E1B54651C62D08000CE0319 /* error.c in Sources */,
				0E1B546E1C62D08000CE0319 /* memory_buffer_alloc.c in Sources */,
				0E1B54821C62D08000CE0319 /* ssl_cli.c in Sources */,
				0E1B54741C62D08000CE0319 /* pk_wrap.c in Sources */,
				0E1B544F1C62D08000CE0319 /* arc4.c in Sources */,
				0E1B54581C62D08000CE0319 /* cipher.c in Sources */,
				0E1B54711C62D08000CE0319 /* padlock.c in Sources */,
				0E1B547F1C62D08000CE0319 /* sha512.c in Sources */,
				0E1B54631C62D08000CE0319 /* entropy.c in Sources */,
				0E1B545B1C62D08000CE0319 /* debug.c in Sources */,
				0E1B54691C62D08000CE0319 /* md.c in Sources */,
				0E1B54701C62D08000CE0319 /* oid.c in Sources */,
				0E1B548E1C62D08000CE0319 /* x509_crt.c in Sources */,
				0E1B54851C62D08000CE0319 /* ssl_ticket.c in Sources */,
				0E1B546A1C62D08000CE0319 /* md2.c in Sources */,
				0E1B546F1C62D08000CE0319 /* net.c in Sources */,
				0E1B54591C62D08000CE0319 /* cipher_wrap.c in Sources */,
				0E1B54641C62D08000CE0319 /* entropy_poll.c in Sources */,
				0E1B54531C62D08000CE0319 /* bignum.c in Sources */,
				0E1B54511C62D08000CE0319 /* asn1write.c in Sources */,
				0E1B54751C62D08000CE0319 /* pkcs11.c in Sources */,
				0E1B54831C62D08000CE0319 /* ssl_cookie.c in Sources */,
				0E1B548B1C62D08000CE0319 /* x509.c in Sources */,
				0E1B54501C62D08000CE0319 /* asn1parse.c in Sources */,
				0E1B54921C62D08000CE0319 /* xtea.c in Sources */,
				0E1B54901C62D08000CE0319 /* x509write_crt.c in Sources */,
				0E1B54571C62D08000CE0319 /* certs.c in Sources */,
				0E1B54521C62D08000CE0319 /* base64.c in Sources */,
				0E1B54621C62D08000CE0319 /* ecp_curves.c in Sources */,
				0E1B548F1C62D08000CE0319 /* x509_csr.c in Sources */,
				0E1B544D1C62D08000CE0319 /* aes.c in Sources */,
				0E1B547A1C62D08000CE0319 /* platform.c in Sources */,
				0E1B547D1C62D08000CE0319 /* sha1.c in Sources */,
				0E1B54801C62D08000CE0319 /* ssl_cache.c in Sources */,
				0E1B547E1C62D08000CE0319 /* sha256.c in Sources */,
				0E1B54661C62D08000CE0319 /* gcm.c in Sources */,
				0E1B54721C62D08000CE0319 /* pem.c in Sources */,
				0E1B54561C62D08000CE0319 /* ccm.c in Sources */,
				0E1B54761C62D08000CE0319 /* pkcs12.c in Sources */,
				0E1B546C1C62D08000CE0319 /* md5.c in Sources */,
				0E1B548D1C62D08000CE0319 /* x509_crl.c in Sources */,
				0E1B54791C62D08000CE0319 /* pkwrite.c in Sources */,
				0E1B54891C62D08000CE0319 /* version.c in Sources */,
				0E1B54671C62D08000CE0319 /* havege.c in Sources */,
				0E1B54861C62D08000CE0319 /* ssl_tls.c in Sources */,
				0E1B545F1C62D08000CE0319 /* ecdsa.c in Sources */,
				0E1B54911C62D08000CE0319 /* x509write_csr.c in Sources */,
				0E1B54841C62D08000CE0319 /* ssl_srv.c in Sources */,
				0E1B54681C62D08000CE0319 /* hmac_drbg.c in Sources */,
			);
			runOnlyForDeploymentPostprocessing = 0;
		};
/* End PBXSourcesBuildPhase section */

/* Begin XCBuildConfiguration section */
		0E1B537B1C62D05300CE0319 /* Debug */ = {
			isa = XCBuildConfiguration;
			buildSettings = {
				ALWAYS_SEARCH_USER_PATHS = NO;
				CLANG_CXX_LANGUAGE_STANDARD = "gnu++0x";
				CLANG_CXX_LIBRARY = "libc++";
				CLANG_ENABLE_MODULES = YES;
				CLANG_ENABLE_OBJC_ARC = YES;
				CLANG_WARN_BOOL_CONVERSION = YES;
				CLANG_WARN_CONSTANT_CONVERSION = YES;
				CLANG_WARN_DIRECT_OBJC_ISA_USAGE = YES_ERROR;
				CLANG_WARN_EMPTY_BODY = YES;
				CLANG_WARN_ENUM_CONVERSION = YES;
				CLANG_WARN_INT_CONVERSION = YES;
				CLANG_WARN_OBJC_ROOT_CLASS = YES_ERROR;
				CLANG_WARN_UNREACHABLE_CODE = YES;
				CLANG_WARN__DUPLICATE_METHOD_MATCH = YES;
				CODE_SIGN_IDENTITY = "-";
				COPY_PHASE_STRIP = NO;
				DEBUG_INFORMATION_FORMAT = dwarf;
				ENABLE_STRICT_OBJC_MSGSEND = YES;
				ENABLE_TESTABILITY = YES;
				GCC_C_LANGUAGE_STANDARD = gnu99;
				GCC_DYNAMIC_NO_PIC = NO;
				GCC_NO_COMMON_BLOCKS = YES;
				GCC_OPTIMIZATION_LEVEL = 0;
				GCC_PREPROCESSOR_DEFINITIONS = (
					"DEBUG=1",
					"$(inherited)",
				);
				GCC_WARN_64_TO_32_BIT_CONVERSION = YES;
				GCC_WARN_ABOUT_RETURN_TYPE = YES_ERROR;
				GCC_WARN_UNDECLARED_SELECTOR = YES;
				GCC_WARN_UNINITIALIZED_AUTOS = YES_AGGRESSIVE;
				GCC_WARN_UNUSED_FUNCTION = YES;
				GCC_WARN_UNUSED_VARIABLE = YES;
				INSTALL_PATH = "@executable_path/../Frameworks";
				MACOSX_DEPLOYMENT_TARGET = 10.11;
				MTL_ENABLE_DEBUG_INFO = YES;
				ONLY_ACTIVE_ARCH = YES;
				SDKROOT = macosx;
			};
			name = Debug;
		};
		0E1B537C1C62D05300CE0319 /* Release */ = {
			isa = XCBuildConfiguration;
			buildSettings = {
				ALWAYS_SEARCH_USER_PATHS = NO;
				CLANG_CXX_LANGUAGE_STANDARD = "gnu++0x";
				CLANG_CXX_LIBRARY = "libc++";
				CLANG_ENABLE_MODULES = YES;
				CLANG_ENABLE_OBJC_ARC = YES;
				CLANG_WARN_BOOL_CONVERSION = YES;
				CLANG_WARN_CONSTANT_CONVERSION = YES;
				CLANG_WARN_DIRECT_OBJC_ISA_USAGE = YES_ERROR;
				CLANG_WARN_EMPTY_BODY = YES;
				CLANG_WARN_ENUM_CONVERSION = YES;
				CLANG_WARN_INT_CONVERSION = YES;
				CLANG_WARN_OBJC_ROOT_CLASS = YES_ERROR;
				CLANG_WARN_UNREACHABLE_CODE = YES;
				CLANG_WARN__DUPLICATE_METHOD_MATCH = YES;
				CODE_SIGN_IDENTITY = "-";
				COPY_PHASE_STRIP = NO;
				DEBUG_INFORMATION_FORMAT = "dwarf-with-dsym";
				ENABLE_NS_ASSERTIONS = NO;
				ENABLE_STRICT_OBJC_MSGSEND = YES;
				GCC_C_LANGUAGE_STANDARD = gnu99;
				GCC_NO_COMMON_BLOCKS = YES;
				GCC_WARN_64_TO_32_BIT_CONVERSION = YES;
				GCC_WARN_ABOUT_RETURN_TYPE = YES_ERROR;
				GCC_WARN_UNDECLARED_SELECTOR = YES;
				GCC_WARN_UNINITIALIZED_AUTOS = YES_AGGRESSIVE;
				GCC_WARN_UNUSED_FUNCTION = YES;
				GCC_WARN_UNUSED_VARIABLE = YES;
				INSTALL_PATH = "@executable_path/../Frameworks";
				MACOSX_DEPLOYMENT_TARGET = 10.11;
				MTL_ENABLE_DEBUG_INFO = NO;
				SDKROOT = macosx;
			};
			name = Release;
		};
		0E1B537E1C62D05300CE0319 /* Debug */ = {
			isa = XCBuildConfiguration;
			buildSettings = {
				CODE_SIGN_IDENTITY = "Developer ID Application";
				EXECUTABLE_PREFIX = lib;
				INSTALL_PATH = "@executable_path/../Frameworks";
				MACOSX_DEPLOYMENT_TARGET = 10.7;
				PRODUCT_NAME = "$(TARGET_NAME)";
				PROVISIONING_PROFILE = "";
				SYMROOT = ../build;
			};
			name = Debug;
		};
		0E1B537F1C62D05300CE0319 /* Release */ = {
			isa = XCBuildConfiguration;
			buildSettings = {
				CODE_SIGN_IDENTITY = "Developer ID Application";
				EXECUTABLE_PREFIX = lib;
				INSTALL_PATH = "@executable_path/../Frameworks";
				MACOSX_DEPLOYMENT_TARGET = 10.7;
				PRODUCT_NAME = "$(TARGET_NAME)";
				PROVISIONING_PROFILE = "";
				SYMROOT = ../build;
			};
			name = Release;
		};
/* End XCBuildConfiguration section */

/* Begin XCConfigurationList section */
		0E1B53741C62D05300CE0319 /* Build configuration list for PBXProject "mbedtls" */ = {
			isa = XCConfigurationList;
			buildConfigurations = (
				0E1B537B1C62D05300CE0319 /* Debug */,
				0E1B537C1C62D05300CE0319 /* Release */,
			);
			defaultConfigurationIsVisible = 0;
			defaultConfigurationName = Release;
		};
		0E1B537D1C62D05300CE0319 /* Build configuration list for PBXNativeTarget "mbedtls" */ = {
			isa = XCConfigurationList;
			buildConfigurations = (
				0E1B537E1C62D05300CE0319 /* Debug */,
				0E1B537F1C62D05300CE0319 /* Release */,
			);
			defaultConfigurationIsVisible = 0;
			defaultConfigurationName = Release;
		};
/* End XCConfigurationList section */
	};
	rootObject = 0E1B53711C62D05300CE0319 /* Project object */;
}
